
Microsoft Visual Studio Solution File, Format Version 12.00
# Visual Studio Version 17
VisualStudioVersion = 17.14.36310.24 d17.14
MinimumVisualStudioVersion = 10.0.40219.1
Project("{FAE04EC0-301F-11D3-BF4B-00C04F79EFBC}") = "MagicCoinSnapper", "MagicCoinSnapper.csproj", "{D93063B6-D884-B6DA-5B54-FD52F149B63B}"
EndProject
Global
	GlobalSection(SolutionConfigurationPlatforms) = preSolution
		Debug|Any CPU = Debug|Any CPU
		Release|Any CPU = Release|Any CPU
	EndGlobalSection
	GlobalSection(ProjectConfigurationPlatforms) = postSolution
		{D93063B6-D884-B6DA-5B54-FD52F149B63B}.Debug|Any CPU.ActiveCfg = Debug|Any CPU
		{D93063B6-D884-B6DA-5B54-FD52F149B63B}.Debug|Any CPU.Build.0 = Debug|Any CPU
		{D93063B6-D884-B6DA-5B54-FD52F149B63B}.Release|Any CPU.ActiveCfg = Release|Any CPU
		{D93063B6-D884-B6DA-5B54-FD52F149B63B}.Release|Any CPU.Build.0 = Release|Any CPU
	EndGlobalSection
	GlobalSection(SolutionProperties) = preSolution
		HideSolutionNode = FALSE
	EndGlobalSection
	GlobalSection(ExtensibilityGlobals) = postSolution
		SolutionGuid = {8F3856F3-2D0D-4ECF-BED5-D5694DF87A03}
	EndGlobalSection
EndGlobal
